
Microsoft Visual Studio Solution File, Format Version 12.00
# Visual Studio 15
VisualStudioVersion = 15.0.28307.329
MinimumVisualStudioVersion = 10.0.40219.1
Project("{FAE04EC0-301F-11D3-BF4B-00C04F79EFBC}") = "CustomerWidget.Api", "CustomerWidget\CustomerWidget.Api.csproj", "{943B8422-3D38-40AE-8865-CA8D7A7F2D7C}"
EndProject
Project("{2150E333-8FDC-42A3-9474-1A3956D46DE8}") = "2. Deployables", "2. Deployables", "{476984F3-05FC-4346-AA1E-C2AE258A3CC3}"
EndProject
Project("{2150E333-8FDC-42A3-9474-1A3956D46DE8}") = "1. CrossCutting", "1. CrossCutting", "{8213E771-79CE-46B0-B062-3D41E8482F6C}"
EndProject
Project("{2150E333-8FDC-42A3-9474-1A3956D46DE8}") = "3. Services", "3. Services", "{02AFFE35-98D9-4A41-921A-4C54E906D35D}"
EndProject
Project("{2150E333-8FDC-42A3-9474-1A3956D46DE8}") = "4. Data", "4. Data", "{D207689D-2AF0-440E-8073-5E7F37DB3E81}"
EndProject
Project("{2150E333-8FDC-42A3-9474-1A3956D46DE8}") = "5. Tests", "5. Tests", "{780DD391-FCD9-4E17-9BE7-47386F6876D3}"
EndProject
Project("{FAE04EC0-301F-11D3-BF4B-00C04F79EFBC}") = "CustomerWidget.Service", "..\CustomerWidget.Service\CustomerWidget.Service.csproj", "{4459F2D1-A854-4BB3-9550-4406D6994C55}"
EndProject
Project("{FAE04EC0-301F-11D3-BF4B-00C04F79EFBC}") = "CustomerWidget.Models", "CustomerWidget.Models\CustomerWidget.Models.csproj", "{A56E3C12-6A97-4980-A44A-07379E8CF73C}"
EndProject
Project("{FAE04EC0-301F-11D3-BF4B-00C04F79EFBC}") = "CustomerWidget.Repository", "CustomerWidget.Repository\CustomerWidget.Repository.csproj", "{1EC15EB0-123B-40AA-AD56-B0C00854A469}"
EndProject
Project("{FAE04EC0-301F-11D3-BF4B-00C04F79EFBC}") = "CustomerWidget.Test.Unit", "CustomerWidget.Test.Unit\CustomerWidget.Test.Unit.csproj", "{9B5B63FB-63C5-493B-8974-7D211928A7DA}"
EndProject
Project("{FAE04EC0-301F-11D3-BF4B-00C04F79EFBC}") = "CustomerWidget.Ioc", "CustomerWidget.Ioc\CustomerWidget.Ioc.csproj", "{93EBF9F2-4242-411A-BD52-747922A900B9}"
EndProject
Project("{FAE04EC0-301F-11D3-BF4B-00C04F79EFBC}") = "CustomerWidget.Common", "CustomerWidget.Common\CustomerWidget.Common.csproj", "{65EFC624-6ED9-448A-B57C-91C656E09F49}"
EndProject
Global
	GlobalSection(SolutionConfigurationPlatforms) = preSolution
		Debug|Any CPU = Debug|Any CPU
		Release|Any CPU = Release|Any CPU
	EndGlobalSection
	GlobalSection(ProjectConfigurationPlatforms) = postSolution
		{943B8422-3D38-40AE-8865-CA8D7A7F2D7C}.Debug|Any CPU.ActiveCfg = Debug|Any CPU
		{943B8422-3D38-40AE-8865-CA8D7A7F2D7C}.Debug|Any CPU.Build.0 = Debug|Any CPU
		{943B8422-3D38-40AE-8865-CA8D7A7F2D7C}.Release|Any CPU.ActiveCfg = Release|Any CPU
		{943B8422-3D38-40AE-8865-CA8D7A7F2D7C}.Release|Any CPU.Build.0 = Release|Any CPU
		{4459F2D1-A854-4BB3-9550-4406D6994C55}.Debug|Any CPU.ActiveCfg = Debug|Any CPU
		{4459F2D1-A854-4BB3-9550-4406D6994C55}.Debug|Any CPU.Build.0 = Debug|Any CPU
		{4459F2D1-A854-4BB3-9550-4406D6994C55}.Release|Any CPU.ActiveCfg = Release|Any CPU
		{4459F2D1-A854-4BB3-9550-4406D6994C55}.Release|Any CPU.Build.0 = Release|Any CPU
		{A56E3C12-6A97-4980-A44A-07379E8CF73C}.Debug|Any CPU.ActiveCfg = Debug|Any CPU
		{A56E3C12-6A97-4980-A44A-07379E8CF73C}.Debug|Any CPU.Build.0 = Debug|Any CPU
		{A56E3C12-6A97-4980-A44A-07379E8CF73C}.Release|Any CPU.ActiveCfg = Release|Any CPU
		{A56E3C12-6A97-4980-A44A-07379E8CF73C}.Release|Any CPU.Build.0 = Release|Any CPU
		{1EC15EB0-123B-40AA-AD56-B0C00854A469}.Debug|Any CPU.ActiveCfg = Debug|Any CPU
		{1EC15EB0-123B-40AA-AD56-B0C00854A469}.Debug|Any CPU.Build.0 = Debug|Any CPU
		{1EC15EB0-123B-40AA-AD56-B0C00854A469}.Release|Any CPU.ActiveCfg = Release|Any CPU
		{1EC15EB0-123B-40AA-AD56-B0C00854A469}.Release|Any CPU.Build.0 = Release|Any CPU
		{9B5B63FB-63C5-493B-8974-7D211928A7DA}.Debug|Any CPU.ActiveCfg = Debug|Any CPU
		{9B5B63FB-63C5-493B-8974-7D211928A7DA}.Debug|Any CPU.Build.0 = Debug|Any CPU
		{9B5B63FB-63C5-493B-8974-7D211928A7DA}.Release|Any CPU.ActiveCfg = Release|Any CPU
		{9B5B63FB-63C5-493B-8974-7D211928A7DA}.Release|Any CPU.Build.0 = Release|Any CPU
		{93EBF9F2-4242-411A-BD52-747922A900B9}.Debug|Any CPU.ActiveCfg = Debug|Any CPU
		{93EBF9F2-4242-411A-BD52-747922A900B9}.Debug|Any CPU.Build.0 = Debug|Any CPU
		{93EBF9F2-4242-411A-BD52-747922A900B9}.Release|Any CPU.ActiveCfg = Release|Any CPU
		{93EBF9F2-4242-411A-BD52-747922A900B9}.Release|Any CPU.Build.0 = Release|Any CPU
		{65EFC624-6ED9-448A-B57C-91C656E09F49}.Debug|Any CPU.ActiveCfg = Debug|Any CPU
		{65EFC624-6ED9-448A-B57C-91C656E09F49}.Debug|Any CPU.Build.0 = Debug|Any CPU
		{65EFC624-6ED9-448A-B57C-91C656E09F49}.Release|Any CPU.ActiveCfg = Release|Any CPU
		{65EFC624-6ED9-448A-B57C-91C656E09F49}.Release|Any CPU.Build.0 = Release|Any CPU
	EndGlobalSection
	GlobalSection(SolutionProperties) = preSolution
		HideSolutionNode = FALSE
	EndGlobalSection
	GlobalSection(NestedProjects) = preSolution
		{943B8422-3D38-40AE-8865-CA8D7A7F2D7C} = {476984F3-05FC-4346-AA1E-C2AE258A3CC3}
		{4459F2D1-A854-4BB3-9550-4406D6994C55} = {02AFFE35-98D9-4A41-921A-4C54E906D35D}
		{A56E3C12-6A97-4980-A44A-07379E8CF73C} = {D207689D-2AF0-440E-8073-5E7F37DB3E81}
		{1EC15EB0-123B-40AA-AD56-B0C00854A469} = {D207689D-2AF0-440E-8073-5E7F37DB3E81}
		{9B5B63FB-63C5-493B-8974-7D211928A7DA} = {780DD391-FCD9-4E17-9BE7-47386F6876D3}
		{93EBF9F2-4242-411A-BD52-747922A900B9} = {8213E771-79CE-46B0-B062-3D41E8482F6C}
		{65EFC624-6ED9-448A-B57C-91C656E09F49} = {8213E771-79CE-46B0-B062-3D41E8482F6C}
	EndGlobalSection
	GlobalSection(ExtensibilityGlobals) = postSolution
		SolutionGuid = {DF124D3F-0628-462D-8631-07315CEFDCA3}
	EndGlobalSection
EndGlobal
